
Microsoft Visual Studio Solution File, Format Version 12.00
# Visual Studio Version 16
VisualStudioVersion = 16.0.31702.278
MinimumVisualStudioVersion = 10.0.40219.1
Project("{FAE04EC0-301F-11D3-BF4B-00C04F79EFBC}") = "sh-vs2019-prDemo", "sh-vs2019-prDemo.csproj", "{81E34D08-E796-4450-8044-931B8F11C832}"
EndProject
Global
	GlobalSection(SolutionConfigurationPlatforms) = preSolution
		Debug|Any CPU = Debug|Any CPU
		Release|Any CPU = Release|Any CPU
	EndGlobalSection
	GlobalSection(ProjectConfigurationPlatforms) = postSolution
		{81E34D08-E796-4450-8044-931B8F11C832}.Debug|Any CPU.ActiveCfg = Debug|Any CPU
		{81E34D08-E796-4450-8044-931B8F11C832}.Debug|Any CPU.Build.0 = Debug|Any CPU
		{81E34D08-E796-4450-8044-931B8F11C832}.Release|Any CPU.ActiveCfg = Release|Any CPU
		{81E34D08-E796-4450-8044-931B8F11C832}.Release|Any CPU.Build.0 = Release|Any CPU
	EndGlobalSection
	GlobalSection(SolutionProperties) = preSolution
		HideSolutionNode = FALSE
	EndGlobalSection
	GlobalSection(ExtensibilityGlobals) = postSolution
		SolutionGuid = {DDE3FA41-7AF1-4155-BAD7-D9D8CC29F017}
	EndGlobalSection
EndGlobal
